
Microsoft Visual Studio Solution File, Format Version 12.00
# Visual Studio Version 17
VisualStudioVersion = 17.10.35122.118
MinimumVisualStudioVersion = 10.0.40219.1
Project("{FAE04EC0-301F-11D3-BF4B-00C04F79EFBC}") = "WindowsFormsApp1", "WindowsFormsApp1\WindowsFormsApp1.csproj", "{B0B6BF4C-7809-462C-8237-09E89A24F17A}"
EndProject
Global
	GlobalSection(SolutionConfigurationPlatforms) = preSolution
		Debug|Any CPU = Debug|Any CPU
		Release|Any CPU = Release|Any CPU
	EndGlobalSection
	GlobalSection(ProjectConfigurationPlatforms) = postSolution
		{B0B6BF4C-7809-462C-8237-09E89A24F17A}.Debug|Any CPU.ActiveCfg = Debug|Any CPU
		{B0B6BF4C-7809-462C-8237-09E89A24F17A}.Debug|Any CPU.Build.0 = Debug|Any CPU
		{B0B6BF4C-7809-462C-8237-09E89A24F17A}.Release|Any CPU.ActiveCfg = Release|Any CPU
		{B0B6BF4C-7809-462C-8237-09E89A24F17A}.Release|Any CPU.Build.0 = Release|Any CPU
	EndGlobalSection
	GlobalSection(SolutionProperties) = preSolution
		HideSolutionNode = FALSE
	EndGlobalSection
	GlobalSection(ExtensibilityGlobals) = postSolution
		SolutionGuid = {87DC0E38-36AD-44A3-B3C2-4063960D8C75}
	EndGlobalSection
EndGlobal
